
Microsoft Visual Studio Solution File, Format Version 12.00
# Visual Studio Version 16
VisualStudioVersion = 16.0.31019.35
MinimumVisualStudioVersion = 10.0.40219.1
Project("{FAE04EC0-301F-11D3-BF4B-00C04F79EFBC}") = "Core_SignalR", "Core_SignalR\Core_SignalR.csproj", "{31ABF1BE-4445-48A5-9A91-431AF3ADDF30}"
EndProject
Global
	GlobalSection(SolutionConfigurationPlatforms) = preSolution
		Debug|Any CPU = Debug|Any CPU
		Release|Any CPU = Release|Any CPU
	EndGlobalSection
	GlobalSection(ProjectConfigurationPlatforms) = postSolution
		{31ABF1BE-4445-48A5-9A91-431AF3ADDF30}.Debug|Any CPU.ActiveCfg = Debug|Any CPU
		{31ABF1BE-4445-48A5-9A91-431AF3ADDF30}.Debug|Any CPU.Build.0 = Debug|Any CPU
		{31ABF1BE-4445-48A5-9A91-431AF3ADDF30}.Release|Any CPU.ActiveCfg = Release|Any CPU
		{31ABF1BE-4445-48A5-9A91-431AF3ADDF30}.Release|Any CPU.Build.0 = Release|Any CPU
	EndGlobalSection
	GlobalSection(SolutionProperties) = preSolution
		HideSolutionNode = FALSE
	EndGlobalSection
	GlobalSection(ExtensibilityGlobals) = postSolution
		SolutionGuid = {0BFD4F65-DD32-46DC-B802-4BA64E38B704}
	EndGlobalSection
EndGlobal
